// !$*UTF8*$!
{
	archiveVersion = 1;
	classes = {
	};
	objectVersion = 77;
	objects = {

/* Begin PBXBuildFile section */
		470A5005302889C0006EB758 /* Messages.framework in Frameworks */ = {isa = PBXBuildFile; fileRef = 470A5004302889C0006EB758 /* Messages.framework */; };
		470A5011302889C1006EB758 /* sharedTimerMessages.appex in Embed Foundation Extensions */ = {isa = PBXBuildFile; fileRef = 470A5002302889C0006EB758 /* sharedTimerMessages.appex */; settings = {ATTRIBUTES = (RemoveHeadersOnCopy, ); }; };
		470A5047302896F1006EB758 /* sharedTimerClip.app in Embed App Clips */ = {isa = PBXBuildFile; fileRef = 470A5023302896F0006EB758 /* sharedTimerClip.app */; settings = {ATTRIBUTES = (RemoveHeadersOnCopy, ); }; };
		AB00000D0000000000000000 /* sharedTimerWidget.appex in Embed Foundation Extensions */ = {isa = PBXBuildFile; fileRef = AB0000010000000000000000 /* sharedTimerWidget.appex */; settings = {ATTRIBUTES = (RemoveHeadersOnCopy, ); }; };
/* End PBXBuildFile section */

/* Begin PBXContainerItemProxy section */
		470A4FE230288983006EB758 /* PBXContainerItemProxy */ = {
			isa = PBXContainerItemProxy;
			containerPortal = 470A4FCA30288982006EB758 /* Project object */;
			proxyType = 1;
			remoteGlobalIDString = 470A4FD130288982006EB758;
			remoteInfo = sharedTimer;
		};
		470A4FEC30288983006EB758 /* PBXContainerItemProxy */ = {
			isa = PBXContainerItemProxy;
			containerPortal = 470A4FCA30288982006EB758 /* Project object */;
			proxyType = 1;
			remoteGlobalIDString = 470A4FD130288982006EB758;
			remoteInfo = sharedTimer;
		};
		470A500F302889C1006EB758 /* PBXContainerItemProxy */ = {
			isa = PBXContainerItemProxy;
			containerPortal = 470A4FCA30288982006EB758 /* Project object */;
			proxyType = 1;
			remoteGlobalIDString = 470A5001302889C0006EB758;
			remoteInfo = sharedTimerMessages;
		};
		470A5034302896F1006EB758 /* PBXContainerItemProxy */ = {
			isa = PBXContainerItemProxy;
			containerPortal = 470A4FCA30288982006EB758 /* Project object */;
			proxyType = 1;
			remoteGlobalIDString = 470A5022302896F0006EB758;
			remoteInfo = sharedTimerClip;
		};
		470A503E302896F1006EB758 /* PBXContainerItemProxy */ = {
			isa = PBXContainerItemProxy;
			containerPortal = 470A4FCA30288982006EB758 /* Project object */;
			proxyType = 1;
			remoteGlobalIDString = 470A5022302896F0006EB758;
			remoteInfo = sharedTimerClip;
		};
		470A5045302896F1006EB758 /* PBXContainerItemProxy */ = {
			isa = PBXContainerItemProxy;
			containerPortal = 470A4FCA30288982006EB758 /* Project object */;
			proxyType = 1;
			remoteGlobalIDString = 470A5022302896F0006EB758;
			remoteInfo = sharedTimerClip;
		};
		AB00000B0000000000000000 /* PBXContainerItemProxy */ = {
			isa = PBXContainerItemProxy;
			containerPortal = 470A4FCA30288982006EB758 /* Project object */;
			proxyType = 1;
			remoteGlobalIDString = AB0000040000000000000000;
			remoteInfo = sharedTimerWidget;
		};
/* End PBXContainerItemProxy section */

/* Begin PBXCopyFilesBuildPhase section */
		470A5016302889C1006EB758 /* Embed Foundation Extensions */ = {
			isa = PBXCopyFilesBuildPhase;
			buildActionMask = 2147483647;
			dstPath = "";
			dstSubfolderSpec = 13;
			files = (
				470A5011302889C1006EB758 /* sharedTimerMessages.appex in Embed Foundation Extensions */,
				AB00000D0000000000000000 /* sharedTimerWidget.appex in Embed Foundation Extensions */,
			);
			name = "Embed Foundation Extensions";
			runOnlyForDeploymentPostprocessing = 0;
		};
		470A504C302896F1006EB758 /* Embed App Clips */ = {
			isa = PBXCopyFilesBuildPhase;
			buildActionMask = 2147483647;
			dstPath = "$(CONTENTS_FOLDER_PATH)/AppClips";
			dstSubfolderSpec = 16;
			files = (
				470A5047302896F1006EB758 /* sharedTimerClip.app in Embed App Clips */,
			);
			name = "Embed App Clips";
			runOnlyForDeploymentPostprocessing = 0;
		};
/* End PBXCopyFilesBuildPhase section */

/* Begin PBXFileReference section */
		470A4FD230288982006EB758 /* sharedTimer.app */ = {isa = PBXFileReference; explicitFileType = wrapper.application; includeInIndex = 0; path = sharedTimer.app; sourceTree = BUILT_PRODUCTS_DIR; };
		470A4FE130288983006EB758 /* sharedTimerTests.xctest */ = {isa = PBXFileReference; explicitFileType = wrapper.cfbundle; includeInIndex = 0; path = sharedTimerTests.xctest; sourceTree = BUILT_PRODUCTS_DIR; };
		470A4FEB30288983006EB758 /* sharedTimerUITests.xctest */ = {isa = PBXFileReference; explicitFileType = wrapper.cfbundle; includeInIndex = 0; path = sharedTimerUITests.xctest; sourceTree = BUILT_PRODUCTS_DIR; };
		470A5002302889C0006EB758 /* sharedTimerMessages.appex */ = {isa = PBXFileReference; explicitFileType = "wrapper.app-extension"; includeInIndex = 0; path = sharedTimerMessages.appex; sourceTree = BUILT_PRODUCTS_DIR; };
		470A5004302889C0006EB758 /* Messages.framework */ = {isa = PBXFileReference; lastKnownFileType = wrapper.framework; name = Messages.framework; path = System/Library/Frameworks/Messages.framework; sourceTree = SDKROOT; };
		470A5023302896F0006EB758 /* sharedTimerClip.app */ = {isa = PBXFileReference; explicitFileType = wrapper.application; includeInIndex = 0; path = sharedTimerClip.app; sourceTree = BUILT_PRODUCTS_DIR; };
		470A5033302896F1006EB758 /* sharedTimerClipTests.xctest */ = {isa = PBXFileReference; explicitFileType = wrapper.cfbundle; includeInIndex = 0; path = sharedTimerClipTests.xctest; sourceTree = BUILT_PRODUCTS_DIR; };
		470A503D302896F1006EB758 /* sharedTimerClipUITests.xctest */ = {isa = PBXFileReference; explicitFileType = wrapper.cfbundle; includeInIndex = 0; path = sharedTimerClipUITests.xctest; sourceTree = BUILT_PRODUCTS_DIR; };
		AB0000010000000000000000 /* sharedTimerWidget.appex */ = {isa = PBXFileReference; explicitFileType = "wrapper.app-extension"; includeInIndex = 0; path = sharedTimerWidget.appex; sourceTree = BUILT_PRODUCTS_DIR; };
/* End PBXFileReference section */

/* Begin PBXFileSystemSynchronizedBuildFileExceptionSet section */
		470A5012302889C1006EB758 /* Exceptions for "sharedTimerMessages" folder in "sharedTimerMessages" target */ = {
			isa = PBXFileSystemSynchronizedBuildFileExceptionSet;
			membershipExceptions = (
				Info.plist,
			);
			target = 470A5001302889C0006EB758 /* sharedTimerMessages */;
		};
		470A5048302896F1006EB758 /* Exceptions for "sharedTimerClip" folder in "sharedTimerClip" target */ = {
			isa = PBXFileSystemSynchronizedBuildFileExceptionSet;
			membershipExceptions = (
				Info.plist,
			);
			target = 470A5022302896F0006EB758 /* sharedTimerClip */;
		};
		AB0000030000000000000000 /* Exceptions for "sharedTimerWidget" folder in "sharedTimerWidget" target */ = {
			isa = PBXFileSystemSynchronizedBuildFileExceptionSet;
			membershipExceptions = (
				Info.plist,
			);
			target = AB0000040000000000000000 /* sharedTimerWidget */;
		};
/* End PBXFileSystemSynchronizedBuildFileExceptionSet section */

/* Begin PBXFileSystemSynchronizedRootGroup section */
		470A4FD430288982006EB758 /* sharedTimer */ = {
			isa = PBXFileSystemSynchronizedRootGroup;
			path = sharedTimer;
			sourceTree = "<group>";
		};
		470A4FE430288983006EB758 /* sharedTimerTests */ = {
			isa = PBXFileSystemSynchronizedRootGroup;
			path = sharedTimerTests;
			sourceTree = "<group>";
		};
		470A4FEE30288983006EB758 /* sharedTimerUITests */ = {
			isa = PBXFileSystemSynchronizedRootGroup;
			path = sharedTimerUITests;
			sourceTree = "<group>";
		};
		470A5006302889C0006EB758 /* sharedTimerMessages */ = {
			isa = PBXFileSystemSynchronizedRootGroup;
			exceptions = (
				470A5012302889C1006EB758 /* Exceptions for "sharedTimerMessages" folder in "sharedTimerMessages" target */,
			);
			path = sharedTimerMessages;
			sourceTree = "<group>";
		};
		470A5024302896F0006EB758 /* sharedTimerClip */ = {
			isa = PBXFileSystemSynchronizedRootGroup;
			exceptions = (
				470A5048302896F1006EB758 /* Exceptions for "sharedTimerClip" folder in "sharedTimerClip" target */,
			);
			path = sharedTimerClip;
			sourceTree = "<group>";
		};
		470A5036302896F1006EB758 /* sharedTimerClipTests */ = {
			isa = PBXFileSystemSynchronizedRootGroup;
			path = sharedTimerClipTests;
			sourceTree = "<group>";
		};
		470A5040302896F1006EB758 /* sharedTimerClipUITests */ = {
			isa = PBXFileSystemSynchronizedRootGroup;
			path = sharedTimerClipUITests;
			sourceTree = "<group>";
		};
		AB0000020000000000000000 /* sharedTimerWidget */ = {
			isa = PBXFileSystemSynchronizedRootGroup;
			exceptions = (
				AB0000030000000000000000 /* Exceptions for "sharedTimerWidget" folder in "sharedTimerWidget" target */,
			);
			path = sharedTimerWidget;
			sourceTree = "<group>";
		};
/* End PBXFileSystemSynchronizedRootGroup section */

/* Begin PBXFrameworksBuildPhase section */
		470A4FCF30288982006EB758 /* Frameworks */ = {
			isa = PBXFrameworksBuildPhase;
			buildActionMask = 2147483647;
			files = (
			);
			runOnlyForDeploymentPostprocessing = 0;
		};
		470A4FDE30288983006EB758 /* Frameworks */ = {
			isa = PBXFrameworksBuildPhase;
			buildActionMask = 2147483647;
			files = (
			);
			runOnlyForDeploymentPostprocessing = 0;
		};
		470A4FE830288983006EB758 /* Frameworks */ = {
			isa = PBXFrameworksBuildPhase;
			buildActionMask = 2147483647;
			files = (
			);
			runOnlyForDeploymentPostprocessing = 0;
		};
		470A4FFF302889C0006EB758 /* Frameworks */ = {
			isa = PBXFrameworksBuildPhase;
			buildActionMask = 2147483647;
			files = (
				470A5005302889C0006EB758 /* Messages.framework in Frameworks */,
			);
			runOnlyForDeploymentPostprocessing = 0;
		};
		470A5020302896F0006EB758 /* Frameworks */ = {
			isa = PBXFrameworksBuildPhase;
			buildActionMask = 2147483647;
			files = (
			);
			runOnlyForDeploymentPostprocessing = 0;
		};
		470A5030302896F1006EB758 /* Frameworks */ = {
			isa = PBXFrameworksBuildPhase;
			buildActionMask = 2147483647;
			files = (
			);
			runOnlyForDeploymentPostprocessing = 0;
		};
		470A503A302896F1006EB758 /* Frameworks */ = {
			isa = PBXFrameworksBuildPhase;
			buildActionMask = 2147483647;
			files = (
			);
			runOnlyForDeploymentPostprocessing = 0;
		};
		AB0000060000000000000000 /* Frameworks */ = {
			isa = PBXFrameworksBuildPhase;
			buildActionMask = 2147483647;
			files = (
			);
			runOnlyForDeploymentPostprocessing = 0;
		};
/* End PBXFrameworksBuildPhase section */

/* Begin PBXGroup section */
		470A4FC930288982006EB758 = {
			isa = PBXGroup;
			children = (
				470A4FD430288982006EB758 /* sharedTimer */,
				470A4FE430288983006EB758 /* sharedTimerTests */,
				470A4FEE30288983006EB758 /* sharedTimerUITests */,
				470A5006302889C0006EB758 /* sharedTimerMessages */,
				470A5024302896F0006EB758 /* sharedTimerClip */,
				470A5036302896F1006EB758 /* sharedTimerClipTests */,
				470A5040302896F1006EB758 /* sharedTimerClipUITests */,
				AB0000020000000000000000 /* sharedTimerWidget */,
				470A5003302889C0006EB758 /* Frameworks */,
				470A4FD330288982006EB758 /* Products */,
			);
			sourceTree = "<group>";
		};
		470A4FD330288982006EB758 /* Products */ = {
			isa = PBXGroup;
			children = (
				470A4FD230288982006EB758 /* sharedTimer.app */,
				470A4FE130288983006EB758 /* sharedTimerTests.xctest */,
				470A4FEB30288983006EB758 /* sharedTimerUITests.xctest */,
				470A5002302889C0006EB758 /* sharedTimerMessages.appex */,
				470A5023302896F0006EB758 /* sharedTimerClip.app */,
				470A5033302896F1006EB758 /* sharedTimerClipTests.xctest */,
				470A503D302896F1006EB758 /* sharedTimerClipUITests.xctest */,
				AB0000010000000000000000 /* sharedTimerWidget.appex */,
			);
			name = Products;
			sourceTree = "<group>";
		};
		470A5003302889C0006EB758 /* Frameworks */ = {
			isa = PBXGroup;
			children = (
				470A5004302889C0006EB758 /* Messages.framework */,
			);
			name = Frameworks;
			sourceTree = "<group>";
		};
/* End PBXGroup section */

/* Begin PBXNativeTarget section */
		470A4FD130288982006EB758 /* sharedTimer */ = {
			isa = PBXNativeTarget;
			buildConfigurationList = 470A4FF530288983006EB758 /* Build configuration list for PBXNativeTarget "sharedTimer" */;
			buildPhases = (
				470A4FCE30288982006EB758 /* Sources */,
				470A4FCF30288982006EB758 /* Frameworks */,
				470A4FD030288982006EB758 /* Resources */,
				470A5016302889C1006EB758 /* Embed Foundation Extensions */,
				470A504C302896F1006EB758 /* Embed App Clips */,
			);
			buildRules = (
			);
			dependencies = (
				470A5010302889C1006EB758 /* PBXTargetDependency */,
				470A5046302896F1006EB758 /* PBXTargetDependency */,
				AB00000C0000000000000000 /* PBXTargetDependency */,
			);
			fileSystemSynchronizedGroups = (
				470A4FD430288982006EB758 /* sharedTimer */,
			);
			name = sharedTimer;
			packageProductDependencies = (
			);
			productName = sharedTimer;
			productReference = 470A4FD230288982006EB758 /* sharedTimer.app */;
			productType = "com.apple.product-type.application";
		};
		470A4FE030288983006EB758 /* sharedTimerTests */ = {
			isa = PBXNativeTarget;
			buildConfigurationList = 470A4FF830288983006EB758 /* Build configuration list for PBXNativeTarget "sharedTimerTests" */;
			buildPhases = (
				470A4FDD30288983006EB758 /* Sources */,
				470A4FDE30288983006EB758 /* Frameworks */,
				470A4FDF30288983006EB758 /* Resources */,
			);
			buildRules = (
			);
			dependencies = (
				470A4FE330288983006EB758 /* PBXTargetDependency */,
			);
			fileSystemSynchronizedGroups = (
				470A4FE430288983006EB758 /* sharedTimerTests */,
			);
			name = sharedTimerTests;
			packageProductDependencies = (
			);
			productName = sharedTimerTests;
			productReference = 470A4FE130288983006EB758 /* sharedTimerTests.xctest */;
			productType = "com.apple.product-type.bundle.unit-test";
		};
		470A4FEA30288983006EB758 /* sharedTimerUITests */ = {
			isa = PBXNativeTarget;
			buildConfigurationList = 470A4FFB30288983006EB758 /* Build configuration list for PBXNativeTarget "sharedTimerUITests" */;
			buildPhases = (
				470A4FE730288983006EB758 /* Sources */,
				470A4FE830288983006EB758 /* Frameworks */,
				470A4FE930288983006EB758 /* Resources */,
			);
			buildRules = (
			);
			dependencies = (
				470A4FED30288983006EB758 /* PBXTargetDependency */,
			);
			fileSystemSynchronizedGroups = (
				470A4FEE30288983006EB758 /* sharedTimerUITests */,
			);
			name = sharedTimerUITests;
			packageProductDependencies = (
			);
			productName = sharedTimerUITests;
			productReference = 470A4FEB30288983006EB758 /* sharedTimerUITests.xctest */;
			productType = "com.apple.product-type.bundle.ui-testing";
		};
		470A5001302889C0006EB758 /* sharedTimerMessages */ = {
			isa = PBXNativeTarget;
			buildConfigurationList = 470A5013302889C1006EB758 /* Build configuration list for PBXNativeTarget "sharedTimerMessages" */;
			buildPhases = (
				470A4FFE302889C0006EB758 /* Sources */,
				470A4FFF302889C0006EB758 /* Frameworks */,
				470A5000302889C0006EB758 /* Resources */,
			);
			buildRules = (
			);
			dependencies = (
			);
			fileSystemSynchronizedGroups = (
				470A5006302889C0006EB758 /* sharedTimerMessages */,
			);
			name = sharedTimerMessages;
			packageProductDependencies = (
			);
			productName = sharedTimerMessages;
			productReference = 470A5002302889C0006EB758 /* sharedTimerMessages.appex */;
			productType = "com.apple.product-type.app-extension.messages";
		};
		470A5022302896F0006EB758 /* sharedTimerClip */ = {
			isa = PBXNativeTarget;
			buildConfigurationList = 470A5049302896F1006EB758 /* Build configuration list for PBXNativeTarget "sharedTimerClip" */;
			buildPhases = (
				470A501F302896F0006EB758 /* Sources */,
				470A5020302896F0006EB758 /* Frameworks */,
				470A5021302896F0006EB758 /* Resources */,
			);
			buildRules = (
			);
			dependencies = (
			);
			fileSystemSynchronizedGroups = (
				470A5024302896F0006EB758 /* sharedTimerClip */,
			);
			name = sharedTimerClip;
			packageProductDependencies = (
			);
			productName = sharedTimerClip;
			productReference = 470A5023302896F0006EB758 /* sharedTimerClip.app */;
			productType = "com.apple.product-type.application.on-demand-install-capable";
		};
		470A5032302896F1006EB758 /* sharedTimerClipTests */ = {
			isa = PBXNativeTarget;
			buildConfigurationList = 470A504D302896F1006EB758 /* Build configuration list for PBXNativeTarget "sharedTimerClipTests" */;
			buildPhases = (
				470A502F302896F1006EB758 /* Sources */,
				470A5030302896F1006EB758 /* Frameworks */,
				470A5031302896F1006EB758 /* Resources */,
			);
			buildRules = (
			);
			dependencies = (
				470A5035302896F1006EB758 /* PBXTargetDependency */,
			);
			fileSystemSynchronizedGroups = (
				470A5036302896F1006EB758 /* sharedTimerClipTests */,
			);
			name = sharedTimerClipTests;
			packageProductDependencies = (
			);
			productName = sharedTimerClipTests;
			productReference = 470A5033302896F1006EB758 /* sharedTimerClipTests.xctest */;
			productType = "com.apple.product-type.bundle.unit-test";
		};
		470A503C302896F1006EB758 /* sharedTimerClipUITests */ = {
			isa = PBXNativeTarget;
			buildConfigurationList = 470A5050302896F1006EB758 /* Build configuration list for PBXNativeTarget "sharedTimerClipUITests" */;
			buildPhases = (
				470A5039302896F1006EB758 /* Sources */,
				470A503A302896F1006EB758 /* Frameworks */,
				470A503B302896F1006EB758 /* Resources */,
			);
			buildRules = (
			);
			dependencies = (
				470A503F302896F1006EB758 /* PBXTargetDependency */,
			);
			fileSystemSynchronizedGroups = (
				470A5040302896F1006EB758 /* sharedTimerClipUITests */,
			);
			name = sharedTimerClipUITests;
			packageProductDependencies = (
			);
			productName = sharedTimerClipUITests;
			productReference = 470A503D302896F1006EB758 /* sharedTimerClipUITests.xctest */;
			productType = "com.apple.product-type.bundle.ui-testing";
		};
		AB0000040000000000000000 /* sharedTimerWidget */ = {
			isa = PBXNativeTarget;
			buildConfigurationList = AB00000A0000000000000000 /* Build configuration list for PBXNativeTarget "sharedTimerWidget" */;
			buildPhases = (
				AB0000050000000000000000 /* Sources */,
				AB0000060000000000000000 /* Frameworks */,
				AB0000070000000000000000 /* Resources */,
			);
			buildRules = (
			);
			dependencies = (
			);
			fileSystemSynchronizedGroups = (
				AB0000020000000000000000 /* sharedTimerWidget */,
			);
			name = sharedTimerWidget;
			packageProductDependencies = (
			);
			productName = sharedTimerWidget;
			productReference = AB0000010000000000000000 /* sharedTimerWidget.appex */;
			productType = "com.apple.product-type.app-extension";
		};
/* End PBXNativeTarget section */

/* Begin PBXProject section */
		470A4FCA30288982006EB758 /* Project object */ = {
			isa = PBXProject;
			attributes = {
				BuildIndependentTargetsInParallel = 1;
				LastSwiftUpdateCheck = 2660;
				LastUpgradeCheck = 2660;
				TargetAttributes = {
					470A4FD130288982006EB758 = {
						CreatedOnToolsVersion = 26.6;
					};
					470A4FE030288983006EB758 = {
						CreatedOnToolsVersion = 26.6;
						TestTargetID = 470A4FD130288982006EB758;
					};
					470A4FEA30288983006EB758 = {
						CreatedOnToolsVersion = 26.6;
						TestTargetID = 470A4FD130288982006EB758;
					};
					470A5001302889C0006EB758 = {
						CreatedOnToolsVersion = 26.6;
					};
					470A5022302896F0006EB758 = {
						CreatedOnToolsVersion = 26.6;
					};
					470A5032302896F1006EB758 = {
						CreatedOnToolsVersion = 26.6;
						TestTargetID = 470A5022302896F0006EB758;
					};
					470A503C302896F1006EB758 = {
						CreatedOnToolsVersion = 26.6;
						TestTargetID = 470A5022302896F0006EB758;
					};
					AB0000040000000000000000 = {
						CreatedOnToolsVersion = 26.6;
					};
				};
			};
			buildConfigurationList = 470A4FCD30288982006EB758 /* Build configuration list for PBXProject "sharedTimer" */;
			developmentRegion = en;
			hasScannedForEncodings = 0;
			knownRegions = (
				en,
				Base,
			);
			mainGroup = 470A4FC930288982006EB758;
			minimizedProjectReferenceProxies = 1;
			preferredProjectObjectVersion = 77;
			productRefGroup = 470A4FD330288982006EB758 /* Products */;
			projectDirPath = "";
			projectRoot = "";
			targets = (
				470A4FD130288982006EB758 /* sharedTimer */,
				470A4FE030288983006EB758 /* sharedTimerTests */,
				470A4FEA30288983006EB758 /* sharedTimerUITests */,
				470A5001302889C0006EB758 /* sharedTimerMessages */,
				470A5022302896F0006EB758 /* sharedTimerClip */,
				470A5032302896F1006EB758 /* sharedTimerClipTests */,
				470A503C302896F1006EB758 /* sharedTimerClipUITests */,
				AB0000040000000000000000 /* sharedTimerWidget */,
			);
		};
/* End PBXProject section */

/* Begin PBXResourcesBuildPhase section */
		470A4FD030288982006EB758 /* Resources */ = {
			isa = PBXResourcesBuildPhase;
			buildActionMask = 2147483647;
			files = (
			);
			runOnlyForDeploymentPostprocessing = 0;
		};
		470A4FDF30288983006EB758 /* Resources */ = {
			isa = PBXResourcesBuildPhase;
			buildActionMask = 2147483647;
			files = (
			);
			runOnlyForDeploymentPostprocessing = 0;
		};
		470A4FE930288983006EB758 /* Resources */ = {
			isa = PBXResourcesBuildPhase;
			buildActionMask = 2147483647;
			files = (
			);
			runOnlyForDeploymentPostprocessing = 0;
		};
		470A5000302889C0006EB758 /* Resources */ = {
			isa = PBXResourcesBuildPhase;
			buildActionMask = 2147483647;
			files = (
			);
			runOnlyForDeploymentPostprocessing = 0;
		};
		470A5021302896F0006EB758 /* Resources */ = {
			isa = PBXResourcesBuildPhase;
			buildActionMask = 2147483647;
			files = (
			);
			runOnlyForDeploymentPostprocessing = 0;
		};
		470A5031302896F1006EB758 /* Resources */ = {
			isa = PBXResourcesBuildPhase;
			buildActionMask = 2147483647;
			files = (
			);
			runOnlyForDeploymentPostprocessing = 0;
		};
		470A503B302896F1006EB758 /* Resources */ = {
			isa = PBXResourcesBuildPhase;
			buildActionMask = 2147483647;
			files = (
			);
			runOnlyForDeploymentPostprocessing = 0;
		};
		AB0000070000000000000000 /* Resources */ = {
			isa = PBXResourcesBuildPhase;
			buildActionMask = 2147483647;
			files = (
			);
			runOnlyForDeploymentPostprocessing = 0;
		};
/* End PBXResourcesBuildPhase section */

/* Begin PBXSourcesBuildPhase section */
		470A4FCE30288982006EB758 /* Sources */ = {
			isa = PBXSourcesBuildPhase;
			buildActionMask = 2147483647;
			files = (
			);
			runOnlyForDeploymentPostprocessing = 0;
		};
		470A4FDD30288983006EB758 /* Sources */ = {
			isa = PBXSourcesBuildPhase;
			buildActionMask = 2147483647;
			files = (
			);
			runOnlyForDeploymentPostprocessing = 0;
		};
		470A4FE730288983006EB758 /* Sources */ = {
			isa = PBXSourcesBuildPhase;
			buildActionMask = 2147483647;
			files = (
			);
			runOnlyForDeploymentPostprocessing = 0;
		};
		470A4FFE302889C0006EB758 /* Sources */ = {
			isa = PBXSourcesBuildPhase;
			buildActionMask = 2147483647;
			files = (
			);
			runOnlyForDeploymentPostprocessing = 0;
		};
		470A501F302896F0006EB758 /* Sources */ = {
			isa = PBXSourcesBuildPhase;
			buildActionMask = 2147483647;
			files = (
			);
			runOnlyForDeploymentPostprocessing = 0;
		};
		470A502F302896F1006EB758 /* Sources */ = {
			isa = PBXSourcesBuildPhase;
			buildActionMask = 2147483647;
			files = (
			);
			runOnlyForDeploymentPostprocessing = 0;
		};
		470A5039302896F1006EB758 /* Sources */ = {
			isa = PBXSourcesBuildPhase;
			buildActionMask = 2147483647;
			files = (
			);
			runOnlyForDeploymentPostprocessing = 0;
		};
		AB0000050000000000000000 /* Sources */ = {
			isa = PBXSourcesBuildPhase;
			buildActionMask = 2147483647;
			files = (
			);
			runOnlyForDeploymentPostprocessing = 0;
		};
/* End PBXSourcesBuildPhase section */

/* Begin PBXTargetDependency section */
		470A4FE330288983006EB758 /* PBXTargetDependency */ = {
			isa = PBXTargetDependency;
			target = 470A4FD130288982006EB758 /* sharedTimer */;
			targetProxy = 470A4FE230288983006EB758 /* PBXContainerItemProxy */;
		};
		470A4FED30288983006EB758 /* PBXTargetDependency */ = {
			isa = PBXTargetDependency;
			target = 470A4FD130288982006EB758 /* sharedTimer */;
			targetProxy = 470A4FEC30288983006EB758 /* PBXContainerItemProxy */;
		};
		470A5010302889C1006EB758 /* PBXTargetDependency */ = {
			isa = PBXTargetDependency;
			target = 470A5001302889C0006EB758 /* sharedTimerMessages */;
			targetProxy = 470A500F302889C1006EB758 /* PBXContainerItemProxy */;
		};
		470A5035302896F1006EB758 /* PBXTargetDependency */ = {
			isa = PBXTargetDependency;
			target = 470A5022302896F0006EB758 /* sharedTimerClip */;
			targetProxy = 470A5034302896F1006EB758 /* PBXContainerItemProxy */;
		};
		470A503F302896F1006EB758 /* PBXTargetDependency */ = {
			isa = PBXTargetDependency;
			target = 470A5022302896F0006EB758 /* sharedTimerClip */;
			targetProxy = 470A503E302896F1006EB758 /* PBXContainerItemProxy */;
		};
		470A5046302896F1006EB758 /* PBXTargetDependency */ = {
			isa = PBXTargetDependency;
			target = 470A5022302896F0006EB758 /* sharedTimerClip */;
			targetProxy = 470A5045302896F1006EB758 /* PBXContainerItemProxy */;
		};
		AB00000C0000000000000000 /* PBXTargetDependency */ = {
			isa = PBXTargetDependency;
			target = AB0000040000000000000000 /* sharedTimerWidget */;
			targetProxy = AB00000B0000000000000000 /* PBXContainerItemProxy */;
		};
/* End PBXTargetDependency section */

/* Begin XCBuildConfiguration section */
		470A4FF330288983006EB758 /* Debug */ = {
			isa = XCBuildConfiguration;
			buildSettings = {
				ALWAYS_SEARCH_USER_PATHS = NO;
				ASSETCATALOG_COMPILER_GENERATE_SWIFT_ASSET_SYMBOL_EXTENSIONS = YES;
				CLANG_ANALYZER_NONNULL = YES;
				CLANG_ANALYZER_NUMBER_OBJECT_CONVERSION = YES_AGGRESSIVE;
				CLANG_CXX_LANGUAGE_STANDARD = "gnu++20";
				CLANG_ENABLE_MODULES = YES;
				CLANG_ENABLE_OBJC_ARC = YES;
				CLANG_ENABLE_OBJC_WEAK = YES;
				CLANG_WARN_BLOCK_CAPTURE_AUTORELEASING = YES;
				CLANG_WARN_BOOL_CONVERSION = YES;
				CLANG_WARN_COMMA = YES;
				CLANG_WARN_CONSTANT_CONVERSION = YES;
				CLANG_WARN_DEPRECATED_OBJC_IMPLEMENTATIONS = YES;
				CLANG_WARN_DIRECT_OBJC_ISA_USAGE = YES_ERROR;
				CLANG_WARN_DOCUMENTATION_COMMENTS = YES;
				CLANG_WARN_EMPTY_BODY = YES;
				CLANG_WARN_ENUM_CONVERSION = YES;
				CLANG_WARN_INFINITE_RECURSION = YES;
				CLANG_WARN_INT_CONVERSION = YES;
				CLANG_WARN_NON_LITERAL_NULL_CONVERSION = YES;
				CLANG_WARN_OBJC_IMPLICIT_RETAIN_SELF = YES;
				CLANG_WARN_OBJC_LITERAL_CONVERSION = YES;
				CLANG_WARN_OBJC_ROOT_CLASS = YES_ERROR;
				CLANG_WARN_QUOTED_INCLUDE_IN_FRAMEWORK_HEADER = YES;
				CLANG_WARN_RANGE_LOOP_ANALYSIS = YES;
				CLANG_WARN_STRICT_PROTOTYPES = YES;
				CLANG_WARN_SUSPICIOUS_MOVE = YES;
				CLANG_WARN_UNGUARDED_AVAILABILITY = YES_AGGRESSIVE;
				CLANG_WARN_UNREACHABLE_CODE = YES;
				CLANG_WARN__DUPLICATE_METHOD_MATCH = YES;
				COPY_PHASE_STRIP = NO;
				DEBUG_INFORMATION_FORMAT = dwarf;
				DEVELOPMENT_TEAM = 7NP4QNTWNQ;
				ENABLE_STRICT_OBJC_MSGSEND = YES;
				ENABLE_TESTABILITY = YES;
				ENABLE_USER_SCRIPT_SANDBOXING = YES;
				GCC_C_LANGUAGE_STANDARD = gnu17;
				GCC_DYNAMIC_NO_PIC = NO;
				GCC_NO_COMMON_BLOCKS = YES;
				GCC_OPTIMIZATION_LEVEL = 0;
				GCC_PREPROCESSOR_DEFINITIONS = (
					"DEBUG=1",
					"$(inherited)",
				);
				GCC_WARN_64_TO_32_BIT_CONVERSION = YES;
				GCC_WARN_ABOUT_RETURN_TYPE = YES_ERROR;
				GCC_WARN_UNDECLARED_SELECTOR = YES;
				GCC_WARN_UNINITIALIZED_AUTOS = YES_AGGRESSIVE;
				GCC_WARN_UNUSED_FUNCTION = YES;
				GCC_WARN_UNUSED_VARIABLE = YES;
				IPHONEOS_DEPLOYMENT_TARGET = 26.5;
				LOCALIZATION_PREFERS_STRING_CATALOGS = YES;
				MTL_ENABLE_DEBUG_INFO = INCLUDE_SOURCE;
				MTL_FAST_MATH = YES;
				ONLY_ACTIVE_ARCH = YES;
				SDKROOT = iphoneos;
				SWIFT_ACTIVE_COMPILATION_CONDITIONS = "DEBUG $(inherited)";
				SWIFT_OPTIMIZATION_LEVEL = "-Onone";
			};
			name = Debug;
		};
		470A4FF430288983006EB758 /* Release */ = {
			isa = XCBuildConfiguration;
			buildSettings = {
				ALWAYS_SEARCH_USER_PATHS = NO;
				ASSETCATALOG_COMPILER_GENERATE_SWIFT_ASSET_SYMBOL_EXTENSIONS = YES;
				CLANG_ANALYZER_NONNULL = YES;
				CLANG_ANALYZER_NUMBER_OBJECT_CONVERSION = YES_AGGRESSIVE;
				CLANG_CXX_LANGUAGE_STANDARD = "gnu++20";
				CLANG_ENABLE_MODULES = YES;
				CLANG_ENABLE_OBJC_ARC = YES;
				CLANG_ENABLE_OBJC_WEAK = YES;
				CLANG_WARN_BLOCK_CAPTURE_AUTORELEASING = YES;
				CLANG_WARN_BOOL_CONVERSION = YES;
				CLANG_WARN_COMMA = YES;
				CLANG_WARN_CONSTANT_CONVERSION = YES;
				CLANG_WARN_DEPRECATED_OBJC_IMPLEMENTATIONS = YES;
				CLANG_WARN_DIRECT_OBJC_ISA_USAGE = YES_ERROR;
				CLANG_WARN_DOCUMENTATION_COMMENTS = YES;
				CLANG_WARN_EMPTY_BODY = YES;
				CLANG_WARN_ENUM_CONVERSION = YES;
				CLANG_WARN_INFINITE_RECURSION = YES;
				CLANG_WARN_INT_CONVERSION = YES;
				CLANG_WARN_NON_LITERAL_NULL_CONVERSION = YES;
				CLANG_WARN_OBJC_IMPLICIT_RETAIN_SELF = YES;
				CLANG_WARN_OBJC_LITERAL_CONVERSION = YES;
				CLANG_WARN_OBJC_ROOT_CLASS = YES_ERROR;
				CLANG_WARN_QUOTED_INCLUDE_IN_FRAMEWORK_HEADER = YES;
				CLANG_WARN_RANGE_LOOP_ANALYSIS = YES;
				CLANG_WARN_STRICT_PROTOTYPES = YES;
				CLANG_WARN_SUSPICIOUS_MOVE = YES;
				CLANG_WARN_UNGUARDED_AVAILABILITY = YES_AGGRESSIVE;
				CLANG_WARN_UNREACHABLE_CODE = YES;
				CLANG_WARN__DUPLICATE_METHOD_MATCH = YES;
				COPY_PHASE_STRIP = NO;
				DEBUG_INFORMATION_FORMAT = "dwarf-with-dsym";
				DEVELOPMENT_TEAM = 7NP4QNTWNQ;
				ENABLE_NS_ASSERTIONS = NO;
				ENABLE_STRICT_OBJC_MSGSEND = YES;
				ENABLE_USER_SCRIPT_SANDBOXING = YES;
				GCC_C_LANGUAGE_STANDARD = gnu17;
				GCC_NO_COMMON_BLOCKS = YES;
				GCC_WARN_64_TO_32_BIT_CONVERSION = YES;
				GCC_WARN_ABOUT_RETURN_TYPE = YES_ERROR;
				GCC_WARN_UNDECLARED_SELECTOR = YES;
				GCC_WARN_UNINITIALIZED_AUTOS = YES_AGGRESSIVE;
				GCC_WARN_UNUSED_FUNCTION = YES;
				GCC_WARN_UNUSED_VARIABLE = YES;
				IPHONEOS_DEPLOYMENT_TARGET = 26.5;
				LOCALIZATION_PREFERS_STRING_CATALOGS = YES;
				MTL_ENABLE_DEBUG_INFO = NO;
				MTL_FAST_MATH = YES;
				SDKROOT = iphoneos;
				SWIFT_COMPILATION_MODE = wholemodule;
				VALIDATE_PRODUCT = YES;
			};
			name = Release;
		};
		470A4FF630288983006EB758 /* Debug */ = {
			isa = XCBuildConfiguration;
			buildSettings = {
				ASSETCATALOG_COMPILER_APPICON_NAME = AppIcon;
				ASSETCATALOG_COMPILER_GLOBAL_ACCENT_COLOR_NAME = AccentColor;
				CODE_SIGN_ENTITLEMENTS = sharedTimer/sharedTimer.entitlements;
				CODE_SIGN_STYLE = Automatic;
				CURRENT_PROJECT_VERSION = 2;
				DEVELOPMENT_TEAM = 7NP4QNTWNQ;
				ENABLE_PREVIEWS = YES;
				GENERATE_INFOPLIST_FILE = YES;
				INFOPLIST_KEY_CFBundleDisplayName = "Timer Duo";
				INFOPLIST_KEY_NSSupportsLiveActivities = YES;
				INFOPLIST_KEY_UIApplicationSceneManifest_Generation = YES;
				INFOPLIST_KEY_UIApplicationSupportsIndirectInputEvents = YES;
				INFOPLIST_KEY_UIBackgroundModes = "remote-notification";
				INFOPLIST_KEY_UILaunchScreen_Generation = YES;
				INFOPLIST_KEY_UISupportedInterfaceOrientations_iPad = "UIInterfaceOrientationPortrait UIInterfaceOrientationPortraitUpsideDown UIInterfaceOrientationLandscapeLeft UIInterfaceOrientationLandscapeRight";
				INFOPLIST_KEY_UISupportedInterfaceOrientations_iPhone = "UIInterfaceOrientationPortrait UIInterfaceOrientationLandscapeLeft UIInterfaceOrientationLandscapeRight";
				IPHONEOS_DEPLOYMENT_TARGET = 17.0;
				LD_RUNPATH_SEARCH_PATHS = (
					"$(inherited)",
					"@executable_path/Frameworks",
				);
				MARKETING_VERSION = 1.0;
				PRODUCT_BUNDLE_IDENTIFIER = com.lokesh.sharedTimer;
				PRODUCT_NAME = "$(TARGET_NAME)";
				STRING_CATALOG_GENERATE_SYMBOLS = YES;
				SWIFT_APPROACHABLE_CONCURRENCY = YES;
				SWIFT_DEFAULT_ACTOR_ISOLATION = MainActor;
				SWIFT_EMIT_LOC_STRINGS = YES;
				SWIFT_UPCOMING_FEATURE_MEMBER_IMPORT_VISIBILITY = YES;
				SWIFT_VERSION = 5.0;
				TARGETED_DEVICE_FAMILY = "1,2";
			};
			name = Debug;
		};
		470A4FF730288983006EB758 /* Release */ = {
			isa = XCBuildConfiguration;
			buildSettings = {
				ASSETCATALOG_COMPILER_APPICON_NAME = AppIcon;
				ASSETCATALOG_COMPILER_GLOBAL_ACCENT_COLOR_NAME = AccentColor;
				CODE_SIGN_ENTITLEMENTS = sharedTimer/sharedTimer.entitlements;
				CODE_SIGN_STYLE = Automatic;
				CURRENT_PROJECT_VERSION = 2;
				DEVELOPMENT_TEAM = 7NP4QNTWNQ;
				ENABLE_PREVIEWS = YES;
				GENERATE_INFOPLIST_FILE = YES;
				INFOPLIST_KEY_CFBundleDisplayName = "Timer Duo";
				INFOPLIST_KEY_NSSupportsLiveActivities = YES;
				INFOPLIST_KEY_UIApplicationSceneManifest_Generation = YES;
				INFOPLIST_KEY_UIApplicationSupportsIndirectInputEvents = YES;
				INFOPLIST_KEY_UIBackgroundModes = "remote-notification";
				INFOPLIST_KEY_UILaunchScreen_Generation = YES;
				INFOPLIST_KEY_UISupportedInterfaceOrientations_iPad = "UIInterfaceOrientationPortrait UIInterfaceOrientationPortraitUpsideDown UIInterfaceOrientationLandscapeLeft UIInterfaceOrientationLandscapeRight";
				INFOPLIST_KEY_UISupportedInterfaceOrientations_iPhone = "UIInterfaceOrientationPortrait UIInterfaceOrientationLandscapeLeft UIInterfaceOrientationLandscapeRight";
				IPHONEOS_DEPLOYMENT_TARGET = 17.0;
				LD_RUNPATH_SEARCH_PATHS = (
					"$(inherited)",
					"@executable_path/Frameworks",
				);
				MARKETING_VERSION = 1.0;
				PRODUCT_BUNDLE_IDENTIFIER = com.lokesh.sharedTimer;
				PRODUCT_NAME = "$(TARGET_NAME)";
				STRING_CATALOG_GENERATE_SYMBOLS = YES;
				SWIFT_APPROACHABLE_CONCURRENCY = YES;
				SWIFT_DEFAULT_ACTOR_ISOLATION = MainActor;
				SWIFT_EMIT_LOC_STRINGS = YES;
				SWIFT_UPCOMING_FEATURE_MEMBER_IMPORT_VISIBILITY = YES;
				SWIFT_VERSION = 5.0;
				TARGETED_DEVICE_FAMILY = "1,2";
			};
			name = Release;
		};
		470A4FF930288983006EB758 /* Debug */ = {
			isa = XCBuildConfiguration;
			buildSettings = {
				BUNDLE_LOADER = "$(TEST_HOST)";
				CODE_SIGN_STYLE = Automatic;
				CURRENT_PROJECT_VERSION = 2;
				DEVELOPMENT_TEAM = 7NP4QNTWNQ;
				GENERATE_INFOPLIST_FILE = YES;
				IPHONEOS_DEPLOYMENT_TARGET = 17.0;
				MARKETING_VERSION = 1.0;
				PRODUCT_BUNDLE_IDENTIFIER = com.lokesh.sharedTimerTests;
				PRODUCT_NAME = "$(TARGET_NAME)";
				STRING_CATALOG_GENERATE_SYMBOLS = NO;
				SWIFT_APPROACHABLE_CONCURRENCY = YES;
				SWIFT_EMIT_LOC_STRINGS = NO;
				SWIFT_UPCOMING_FEATURE_MEMBER_IMPORT_VISIBILITY = YES;
				SWIFT_VERSION = 5.0;
				TARGETED_DEVICE_FAMILY = "1,2";
				TEST_HOST = "$(BUILT_PRODUCTS_DIR)/sharedTimer.app/$(BUNDLE_EXECUTABLE_FOLDER_PATH)/sharedTimer";
			};
			name = Debug;
		};
		470A4FFA30288983006EB758 /* Release */ = {
			isa = XCBuildConfiguration;
			buildSettings = {
				BUNDLE_LOADER = "$(TEST_HOST)";
				CODE_SIGN_STYLE = Automatic;
				CURRENT_PROJECT_VERSION = 2;
				DEVELOPMENT_TEAM = 7NP4QNTWNQ;
				GENERATE_INFOPLIST_FILE = YES;
				IPHONEOS_DEPLOYMENT_TARGET = 17.0;
				MARKETING_VERSION = 1.0;
				PRODUCT_BUNDLE_IDENTIFIER = com.lokesh.sharedTimerTests;
				PRODUCT_NAME = "$(TARGET_NAME)";
				STRING_CATALOG_GENERATE_SYMBOLS = NO;
				SWIFT_APPROACHABLE_CONCURRENCY = YES;
				SWIFT_EMIT_LOC_STRINGS = NO;
				SWIFT_UPCOMING_FEATURE_MEMBER_IMPORT_VISIBILITY = YES;
				SWIFT_VERSION = 5.0;
				TARGETED_DEVICE_FAMILY = "1,2";
				TEST_HOST = "$(BUILT_PRODUCTS_DIR)/sharedTimer.app/$(BUNDLE_EXECUTABLE_FOLDER_PATH)/sharedTimer";
			};
			name = Release;
		};
		470A4FFC30288983006EB758 /* Debug */ = {
			isa = XCBuildConfiguration;
			buildSettings = {
				CODE_SIGN_STYLE = Automatic;
				CURRENT_PROJECT_VERSION = 2;
				DEVELOPMENT_TEAM = 7NP4QNTWNQ;
				GENERATE_INFOPLIST_FILE = YES;
				IPHONEOS_DEPLOYMENT_TARGET = 17.0;
				MARKETING_VERSION = 1.0;
				PRODUCT_BUNDLE_IDENTIFIER = com.lokesh.sharedTimerUITests;
				PRODUCT_NAME = "$(TARGET_NAME)";
				STRING_CATALOG_GENERATE_SYMBOLS = NO;
				SWIFT_APPROACHABLE_CONCURRENCY = YES;
				SWIFT_EMIT_LOC_STRINGS = NO;
				SWIFT_UPCOMING_FEATURE_MEMBER_IMPORT_VISIBILITY = YES;
				SWIFT_VERSION = 5.0;
				TARGETED_DEVICE_FAMILY = "1,2";
				TEST_TARGET_NAME = sharedTimer;
			};
			name = Debug;
		};
		470A4FFD30288983006EB758 /* Release */ = {
			isa = XCBuildConfiguration;
			buildSettings = {
				CODE_SIGN_STYLE = Automatic;
				CURRENT_PROJECT_VERSION = 2;
				DEVELOPMENT_TEAM = 7NP4QNTWNQ;
				GENERATE_INFOPLIST_FILE = YES;
				IPHONEOS_DEPLOYMENT_TARGET = 17.0;
				MARKETING_VERSION = 1.0;
				PRODUCT_BUNDLE_IDENTIFIER = com.lokesh.sharedTimerUITests;
				PRODUCT_NAME = "$(TARGET_NAME)";
				STRING_CATALOG_GENERATE_SYMBOLS = NO;
				SWIFT_APPROACHABLE_CONCURRENCY = YES;
				SWIFT_EMIT_LOC_STRINGS = NO;
				SWIFT_UPCOMING_FEATURE_MEMBER_IMPORT_VISIBILITY = YES;
				SWIFT_VERSION = 5.0;
				TARGETED_DEVICE_FAMILY = "1,2";
				TEST_TARGET_NAME = sharedTimer;
			};
			name = Release;
		};
		470A5014302889C1006EB758 /* Debug */ = {
			isa = XCBuildConfiguration;
			buildSettings = {
				ASSETCATALOG_COMPILER_APPICON_NAME = "iMessage App Icon";
				CODE_SIGN_ENTITLEMENTS = sharedTimerMessages/sharedTimerMessages.entitlements;
				CODE_SIGN_STYLE = Automatic;
				CURRENT_PROJECT_VERSION = 2;
				DEVELOPMENT_TEAM = 7NP4QNTWNQ;
				GENERATE_INFOPLIST_FILE = YES;
				INFOPLIST_FILE = sharedTimerMessages/Info.plist;
				INFOPLIST_KEY_CFBundleDisplayName = "Timer Duo";
				INFOPLIST_KEY_NSHumanReadableCopyright = "";
				IPHONEOS_DEPLOYMENT_TARGET = 17.0;
				LD_RUNPATH_SEARCH_PATHS = (
					"$(inherited)",
					"@executable_path/Frameworks",
					"@executable_path/../../Frameworks",
				);
				MARKETING_VERSION = 1.0;
				PRODUCT_BUNDLE_IDENTIFIER = com.lokesh.sharedTimer.sharedTimerMessages;
				PRODUCT_NAME = "$(TARGET_NAME)";
				SKIP_INSTALL = YES;
				STRING_CATALOG_GENERATE_SYMBOLS = YES;
				SWIFT_APPROACHABLE_CONCURRENCY = YES;
				SWIFT_EMIT_LOC_STRINGS = YES;
				SWIFT_UPCOMING_FEATURE_MEMBER_IMPORT_VISIBILITY = YES;
				SWIFT_VERSION = 5.0;
				TARGETED_DEVICE_FAMILY = "1,2";
			};
			name = Debug;
		};
		470A5015302889C1006EB758 /* Release */ = {
			isa = XCBuildConfiguration;
			buildSettings = {
				ASSETCATALOG_COMPILER_APPICON_NAME = "iMessage App Icon";
				CODE_SIGN_ENTITLEMENTS = sharedTimerMessages/sharedTimerMessages.entitlements;
				CODE_SIGN_STYLE = Automatic;
				CURRENT_PROJECT_VERSION = 2;
				DEVELOPMENT_TEAM = 7NP4QNTWNQ;
				GENERATE_INFOPLIST_FILE = YES;
				INFOPLIST_FILE = sharedTimerMessages/Info.plist;
				INFOPLIST_KEY_CFBundleDisplayName = "Timer Duo";
				INFOPLIST_KEY_NSHumanReadableCopyright = "";
				IPHONEOS_DEPLOYMENT_TARGET = 17.0;
				LD_RUNPATH_SEARCH_PATHS = (
					"$(inherited)",
					"@executable_path/Frameworks",
					"@executable_path/../../Frameworks",
				);
				MARKETING_VERSION = 1.0;
				PRODUCT_BUNDLE_IDENTIFIER = com.lokesh.sharedTimer.sharedTimerMessages;
				PRODUCT_NAME = "$(TARGET_NAME)";
				SKIP_INSTALL = YES;
				STRING_CATALOG_GENERATE_SYMBOLS = YES;
				SWIFT_APPROACHABLE_CONCURRENCY = YES;
				SWIFT_EMIT_LOC_STRINGS = YES;
				SWIFT_UPCOMING_FEATURE_MEMBER_IMPORT_VISIBILITY = YES;
				SWIFT_VERSION = 5.0;
				TARGETED_DEVICE_FAMILY = "1,2";
			};
			name = Release;
		};
		470A504A302896F1006EB758 /* Debug */ = {
			isa = XCBuildConfiguration;
			buildSettings = {
				ASSETCATALOG_COMPILER_APPICON_NAME = AppIcon;
				ASSETCATALOG_COMPILER_GLOBAL_ACCENT_COLOR_NAME = AccentColor;
				CODE_SIGN_ENTITLEMENTS = sharedTimerClip/sharedTimerClip.entitlements;
				CODE_SIGN_STYLE = Automatic;
				CURRENT_PROJECT_VERSION = 2;
				DEVELOPMENT_TEAM = 7NP4QNTWNQ;
				ENABLE_PREVIEWS = YES;
				GENERATE_INFOPLIST_FILE = YES;
				INFOPLIST_FILE = sharedTimerClip/Info.plist;
				INFOPLIST_KEY_CFBundleDisplayName = "Timer Duo";
				INFOPLIST_KEY_UIApplicationSceneManifest_Generation = YES;
				INFOPLIST_KEY_UIApplicationSupportsIndirectInputEvents = YES;
				INFOPLIST_KEY_UILaunchScreen_Generation = YES;
				INFOPLIST_KEY_UISupportedInterfaceOrientations_iPad = "UIInterfaceOrientationPortrait UIInterfaceOrientationPortraitUpsideDown UIInterfaceOrientationLandscapeLeft UIInterfaceOrientationLandscapeRight";
				INFOPLIST_KEY_UISupportedInterfaceOrientations_iPhone = "UIInterfaceOrientationPortrait UIInterfaceOrientationLandscapeLeft UIInterfaceOrientationLandscapeRight";
				IPHONEOS_DEPLOYMENT_TARGET = 17.0;
				LD_RUNPATH_SEARCH_PATHS = (
					"$(inherited)",
					"@executable_path/Frameworks",
				);
				MARKETING_VERSION = 1.0;
				PRODUCT_BUNDLE_IDENTIFIER = com.lokesh.sharedTimer.Clip;
				PRODUCT_NAME = "$(TARGET_NAME)";
				STRING_CATALOG_GENERATE_SYMBOLS = YES;
				SWIFT_APPROACHABLE_CONCURRENCY = YES;
				SWIFT_DEFAULT_ACTOR_ISOLATION = MainActor;
				SWIFT_EMIT_LOC_STRINGS = YES;
				SWIFT_UPCOMING_FEATURE_MEMBER_IMPORT_VISIBILITY = YES;
				SWIFT_VERSION = 5.0;
				TARGETED_DEVICE_FAMILY = "1,2";
			};
			name = Debug;
		};
		470A504B302896F1006EB758 /* Release */ = {
			isa = XCBuildConfiguration;
			buildSettings = {
				ASSETCATALOG_COMPILER_APPICON_NAME = AppIcon;
				ASSETCATALOG_COMPILER_GLOBAL_ACCENT_COLOR_NAME = AccentColor;
				CODE_SIGN_ENTITLEMENTS = sharedTimerClip/sharedTimerClip.entitlements;
				CODE_SIGN_STYLE = Automatic;
				CURRENT_PROJECT_VERSION = 2;
				DEVELOPMENT_TEAM = 7NP4QNTWNQ;
				ENABLE_PREVIEWS = YES;
				GENERATE_INFOPLIST_FILE = YES;
				INFOPLIST_FILE = sharedTimerClip/Info.plist;
				INFOPLIST_KEY_CFBundleDisplayName = "Timer Duo";
				INFOPLIST_KEY_UIApplicationSceneManifest_Generation = YES;
				INFOPLIST_KEY_UIApplicationSupportsIndirectInputEvents = YES;
				INFOPLIST_KEY_UILaunchScreen_Generation = YES;
				INFOPLIST_KEY_UISupportedInterfaceOrientations_iPad = "UIInterfaceOrientationPortrait UIInterfaceOrientationPortraitUpsideDown UIInterfaceOrientationLandscapeLeft UIInterfaceOrientationLandscapeRight";
				INFOPLIST_KEY_UISupportedInterfaceOrientations_iPhone = "UIInterfaceOrientationPortrait UIInterfaceOrientationLandscapeLeft UIInterfaceOrientationLandscapeRight";
				IPHONEOS_DEPLOYMENT_TARGET = 17.0;
				LD_RUNPATH_SEARCH_PATHS = (
					"$(inherited)",
					"@executable_path/Frameworks",
				);
				MARKETING_VERSION = 1.0;
				PRODUCT_BUNDLE_IDENTIFIER = com.lokesh.sharedTimer.Clip;
				PRODUCT_NAME = "$(TARGET_NAME)";
				STRING_CATALOG_GENERATE_SYMBOLS = YES;
				SWIFT_APPROACHABLE_CONCURRENCY = YES;
				SWIFT_DEFAULT_ACTOR_ISOLATION = MainActor;
				SWIFT_EMIT_LOC_STRINGS = YES;
				SWIFT_UPCOMING_FEATURE_MEMBER_IMPORT_VISIBILITY = YES;
				SWIFT_VERSION = 5.0;
				TARGETED_DEVICE_FAMILY = "1,2";
			};
			name = Release;
		};
		470A504E302896F1006EB758 /* Debug */ = {
			isa = XCBuildConfiguration;
			buildSettings = {
				BUNDLE_LOADER = "$(TEST_HOST)";
				CODE_SIGN_STYLE = Automatic;
				CURRENT_PROJECT_VERSION = 2;
				DEVELOPMENT_TEAM = 7NP4QNTWNQ;
				GENERATE_INFOPLIST_FILE = YES;
				IPHONEOS_DEPLOYMENT_TARGET = 17.0;
				MARKETING_VERSION = 1.0;
				PRODUCT_BUNDLE_IDENTIFIER = com.lokesh.sharedTimer.sharedTimerClipTests;
				PRODUCT_NAME = "$(TARGET_NAME)";
				STRING_CATALOG_GENERATE_SYMBOLS = NO;
				SWIFT_APPROACHABLE_CONCURRENCY = YES;
				SWIFT_EMIT_LOC_STRINGS = NO;
				SWIFT_UPCOMING_FEATURE_MEMBER_IMPORT_VISIBILITY = YES;
				SWIFT_VERSION = 5.0;
				TARGETED_DEVICE_FAMILY = "1,2";
				TEST_HOST = "$(BUILT_PRODUCTS_DIR)/sharedTimerClip.app/$(BUNDLE_EXECUTABLE_FOLDER_PATH)/sharedTimerClip";
			};
			name = Debug;
		};
		470A504F302896F1006EB758 /* Release */ = {
			isa = XCBuildConfiguration;
			buildSettings = {
				BUNDLE_LOADER = "$(TEST_HOST)";
				CODE_SIGN_STYLE = Automatic;
				CURRENT_PROJECT_VERSION = 2;
				DEVELOPMENT_TEAM = 7NP4QNTWNQ;
				GENERATE_INFOPLIST_FILE = YES;
				IPHONEOS_DEPLOYMENT_TARGET = 17.0;
				MARKETING_VERSION = 1.0;
				PRODUCT_BUNDLE_IDENTIFIER = com.lokesh.sharedTimer.sharedTimerClipTests;
				PRODUCT_NAME = "$(TARGET_NAME)";
				STRING_CATALOG_GENERATE_SYMBOLS = NO;
				SWIFT_APPROACHABLE_CONCURRENCY = YES;
				SWIFT_EMIT_LOC_STRINGS = NO;
				SWIFT_UPCOMING_FEATURE_MEMBER_IMPORT_VISIBILITY = YES;
				SWIFT_VERSION = 5.0;
				TARGETED_DEVICE_FAMILY = "1,2";
				TEST_HOST = "$(BUILT_PRODUCTS_DIR)/sharedTimerClip.app/$(BUNDLE_EXECUTABLE_FOLDER_PATH)/sharedTimerClip";
			};
			name = Release;
		};
		470A5051302896F1006EB758 /* Debug */ = {
			isa = XCBuildConfiguration;
			buildSettings = {
				CODE_SIGN_STYLE = Automatic;
				CURRENT_PROJECT_VERSION = 2;
				DEVELOPMENT_TEAM = 7NP4QNTWNQ;
				GENERATE_INFOPLIST_FILE = YES;
				IPHONEOS_DEPLOYMENT_TARGET = 17.0;
				MARKETING_VERSION = 1.0;
				PRODUCT_BUNDLE_IDENTIFIER = com.lokesh.sharedTimer.sharedTimerClipUITests;
				PRODUCT_NAME = "$(TARGET_NAME)";
				STRING_CATALOG_GENERATE_SYMBOLS = NO;
				SWIFT_APPROACHABLE_CONCURRENCY = YES;
				SWIFT_EMIT_LOC_STRINGS = NO;
				SWIFT_UPCOMING_FEATURE_MEMBER_IMPORT_VISIBILITY = YES;
				SWIFT_VERSION = 5.0;
				TARGETED_DEVICE_FAMILY = "1,2";
				TEST_TARGET_NAME = sharedTimerClip;
			};
			name = Debug;
		};
		470A5052302896F1006EB758 /* Release */ = {
			isa = XCBuildConfiguration;
			buildSettings = {
				CODE_SIGN_STYLE = Automatic;
				CURRENT_PROJECT_VERSION = 2;
				DEVELOPMENT_TEAM = 7NP4QNTWNQ;
				GENERATE_INFOPLIST_FILE = YES;
				IPHONEOS_DEPLOYMENT_TARGET = 17.0;
				MARKETING_VERSION = 1.0;
				PRODUCT_BUNDLE_IDENTIFIER = com.lokesh.sharedTimer.sharedTimerClipUITests;
				PRODUCT_NAME = "$(TARGET_NAME)";
				STRING_CATALOG_GENERATE_SYMBOLS = NO;
				SWIFT_APPROACHABLE_CONCURRENCY = YES;
				SWIFT_EMIT_LOC_STRINGS = NO;
				SWIFT_UPCOMING_FEATURE_MEMBER_IMPORT_VISIBILITY = YES;
				SWIFT_VERSION = 5.0;
				TARGETED_DEVICE_FAMILY = "1,2";
				TEST_TARGET_NAME = sharedTimerClip;
			};
			name = Release;
		};
		AB0000080000000000000000 /* Debug */ = {
			isa = XCBuildConfiguration;
			buildSettings = {
				CODE_SIGN_ENTITLEMENTS = sharedTimerWidget/sharedTimerWidget.entitlements;
				CODE_SIGN_STYLE = Automatic;
				CURRENT_PROJECT_VERSION = 2;
				DEVELOPMENT_TEAM = 7NP4QNTWNQ;
				GENERATE_INFOPLIST_FILE = YES;
				INFOPLIST_FILE = sharedTimerWidget/Info.plist;
				INFOPLIST_KEY_CFBundleDisplayName = "Timer Duo Widget";
				INFOPLIST_KEY_NSHumanReadableCopyright = "";
				IPHONEOS_DEPLOYMENT_TARGET = 17.0;
				LD_RUNPATH_SEARCH_PATHS = (
					"$(inherited)",
					"@executable_path/Frameworks",
					"@executable_path/../../Frameworks",
				);
				MARKETING_VERSION = 1.0;
				PRODUCT_BUNDLE_IDENTIFIER = com.lokesh.sharedTimer.sharedTimerWidget;
				PRODUCT_NAME = "$(TARGET_NAME)";
				SKIP_INSTALL = YES;
				STRING_CATALOG_GENERATE_SYMBOLS = YES;
				SWIFT_APPROACHABLE_CONCURRENCY = YES;
				SWIFT_EMIT_LOC_STRINGS = YES;
				SWIFT_UPCOMING_FEATURE_MEMBER_IMPORT_VISIBILITY = YES;
				SWIFT_VERSION = 5.0;
				TARGETED_DEVICE_FAMILY = "1,2";
			};
			name = Debug;
		};
		AB0000090000000000000000 /* Release */ = {
			isa = XCBuildConfiguration;
			buildSettings = {
				CODE_SIGN_ENTITLEMENTS = sharedTimerWidget/sharedTimerWidget.entitlements;
				CODE_SIGN_STYLE = Automatic;
				CURRENT_PROJECT_VERSION = 2;
				DEVELOPMENT_TEAM = 7NP4QNTWNQ;
				GENERATE_INFOPLIST_FILE = YES;
				INFOPLIST_FILE = sharedTimerWidget/Info.plist;
				INFOPLIST_KEY_CFBundleDisplayName = "Timer Duo Widget";
				INFOPLIST_KEY_NSHumanReadableCopyright = "";
				IPHONEOS_DEPLOYMENT_TARGET = 17.0;
				LD_RUNPATH_SEARCH_PATHS = (
					"$(inherited)",
					"@executable_path/Frameworks",
					"@executable_path/../../Frameworks",
				);
				MARKETING_VERSION = 1.0;
				PRODUCT_BUNDLE_IDENTIFIER = com.lokesh.sharedTimer.sharedTimerWidget;
				PRODUCT_NAME = "$(TARGET_NAME)";
				SKIP_INSTALL = YES;
				STRING_CATALOG_GENERATE_SYMBOLS = YES;
				SWIFT_APPROACHABLE_CONCURRENCY = YES;
				SWIFT_EMIT_LOC_STRINGS = YES;
				SWIFT_UPCOMING_FEATURE_MEMBER_IMPORT_VISIBILITY = YES;
				SWIFT_VERSION = 5.0;
				TARGETED_DEVICE_FAMILY = "1,2";
			};
			name = Release;
		};
/* End XCBuildConfiguration section */

/* Begin XCConfigurationList section */
		470A4FCD30288982006EB758 /* Build configuration list for PBXProject "sharedTimer" */ = {
			isa = XCConfigurationList;
			buildConfigurations = (
				470A4FF330288983006EB758 /* Debug */,
				470A4FF430288983006EB758 /* Release */,
			);
			defaultConfigurationIsVisible = 0;
			defaultConfigurationName = Release;
		};
		470A4FF530288983006EB758 /* Build configuration list for PBXNativeTarget "sharedTimer" */ = {
			isa = XCConfigurationList;
			buildConfigurations = (
				470A4FF630288983006EB758 /* Debug */,
				470A4FF730288983006EB758 /* Release */,
			);
			defaultConfigurationIsVisible = 0;
			defaultConfigurationName = Release;
		};
		470A4FF830288983006EB758 /* Build configuration list for PBXNativeTarget "sharedTimerTests" */ = {
			isa = XCConfigurationList;
			buildConfigurations = (
				470A4FF930288983006EB758 /* Debug */,
				470A4FFA30288983006EB758 /* Release */,
			);
			defaultConfigurationIsVisible = 0;
			defaultConfigurationName = Release;
		};
		470A4FFB30288983006EB758 /* Build configuration list for PBXNativeTarget "sharedTimerUITests" */ = {
			isa = XCConfigurationList;
			buildConfigurations = (
				470A4FFC30288983006EB758 /* Debug */,
				470A4FFD30288983006EB758 /* Release */,
			);
			defaultConfigurationIsVisible = 0;
			defaultConfigurationName = Release;
		};
		470A5013302889C1006EB758 /* Build configuration list for PBXNativeTarget "sharedTimerMessages" */ = {
			isa = XCConfigurationList;
			buildConfigurations = (
				470A5014302889C1006EB758 /* Debug */,
				470A5015302889C1006EB758 /* Release */,
			);
			defaultConfigurationIsVisible = 0;
			defaultConfigurationName = Release;
		};
		470A5049302896F1006EB758 /* Build configuration list for PBXNativeTarget "sharedTimerClip" */ = {
			isa = XCConfigurationList;
			buildConfigurations = (
				470A504A302896F1006EB758 /* Debug */,
				470A504B302896F1006EB758 /* Release */,
			);
			defaultConfigurationIsVisible = 0;
			defaultConfigurationName = Release;
		};
		470A504D302896F1006EB758 /* Build configuration list for PBXNativeTarget "sharedTimerClipTests" */ = {
			isa = XCConfigurationList;
			buildConfigurations = (
				470A504E302896F1006EB758 /* Debug */,
				470A504F302896F1006EB758 /* Release */,
			);
			defaultConfigurationIsVisible = 0;
			defaultConfigurationName = Release;
		};
		470A5050302896F1006EB758 /* Build configuration list for PBXNativeTarget "sharedTimerClipUITests" */ = {
			isa = XCConfigurationList;
			buildConfigurations = (
				470A5051302896F1006EB758 /* Debug */,
				470A5052302896F1006EB758 /* Release */,
			);
			defaultConfigurationIsVisible = 0;
			defaultConfigurationName = Release;
		};
		AB00000A0000000000000000 /* Build configuration list for PBXNativeTarget "sharedTimerWidget" */ = {
			isa = XCConfigurationList;
			buildConfigurations = (
				AB0000080000000000000000 /* Debug */,
				AB0000090000000000000000 /* Release */,
			);
			defaultConfigurationIsVisible = 0;
			defaultConfigurationName = Release;
		};
/* End XCConfigurationList section */
	};
	rootObject = 470A4FCA30288982006EB758 /* Project object */;
}
